
Microsoft Visual Studio Solution File, Format Version 12.00
# Visual Studio Version 16
VisualStudioVersion = 16.0.31702.278
MinimumVisualStudioVersion = 10.0.40219.1
Project("{8BC9CEB8-8B4A-11D0-8D11-00A0C91BC942}") = "Binary Representation", "Binary Representation\Binary Representation.vcxproj", "{4687490C-3525-48A0-A3EC-01F34F0B6077}"
EndProject
Global
	GlobalSection(SolutionConfigurationPlatforms) = preSolution
		Debug|x64 = Debug|x64
		Debug|x86 = Debug|x86
		Release|x64 = Release|x64
		Release|x86 = Release|x86
	EndGlobalSection
	GlobalSection(ProjectConfigurationPlatforms) = postSolution
		{4687490C-3525-48A0-A3EC-01F34F0B6077}.Debug|x64.ActiveCfg = Debug|x64
		{4687490C-3525-48A0-A3EC-01F34F0B6077}.Debug|x64.Build.0 = Debug|x64
		{4687490C-3525-48A0-A3EC-01F34F0B6077}.Debug|x86.ActiveCfg = Debug|Win32
		{4687490C-3525-48A0-A3EC-01F34F0B6077}.Debug|x86.Build.0 = Debug|Win32
		{4687490C-3525-48A0-A3EC-01F34F0B6077}.Release|x64.ActiveCfg = Release|x64
		{4687490C-3525-48A0-A3EC-01F34F0B6077}.Release|x64.Build.0 = Release|x64
		{4687490C-3525-48A0-A3EC-01F34F0B6077}.Release|x86.ActiveCfg = Release|Win32
		{4687490C-3525-48A0-A3EC-01F34F0B6077}.Release|x86.Build.0 = Release|Win32
	EndGlobalSection
	GlobalSection(SolutionProperties) = preSolution
		HideSolutionNode = FALSE
	EndGlobalSection
	GlobalSection(ExtensibilityGlobals) = postSolution
		SolutionGuid = {5B98BFCC-7838-45C0-998F-EC5AFB1672A7}
	EndGlobalSection
EndGlobal
